
Microsoft Visual Studio Solution File, Format Version 12.00
# Visual Studio 2012
Project("{FAE04EC0-301F-11D3-BF4B-00C04F79EFBC}") = "OndeComprar.MVC", "OndeComprar.MVC\OndeComprar.MVC.csproj", "{C86BF751-C5A8-4D54-8166-71E499C740C3}"
EndProject
Project("{FAE04EC0-301F-11D3-BF4B-00C04F79EFBC}") = "OndeComprar.Data", "OndeComprar.Data\OndeComprar.Data.csproj", "{A475E791-00DB-4281-A5EB-B60DCAD035C0}"
EndProject
Project("{FAE04EC0-301F-11D3-BF4B-00C04F79EFBC}") = "OndeComprar.Model", "OndeComprar.Model\OndeComprar.Model.csproj", "{F18F1B92-9CA1-4500-BEF4-4604DD50A3B1}"
EndProject
Global
	GlobalSection(SolutionConfigurationPlatforms) = preSolution
		Debug|Any CPU = Debug|Any CPU
		Release|Any CPU = Release|Any CPU
	EndGlobalSection
	GlobalSection(ProjectConfigurationPlatforms) = postSolution
		{C86BF751-C5A8-4D54-8166-71E499C740C3}.Debug|Any CPU.ActiveCfg = Debug|Any CPU
		{C86BF751-C5A8-4D54-8166-71E499C740C3}.Debug|Any CPU.Build.0 = Debug|Any CPU
		{C86BF751-C5A8-4D54-8166-71E499C740C3}.Release|Any CPU.ActiveCfg = Release|Any CPU
		{C86BF751-C5A8-4D54-8166-71E499C740C3}.Release|Any CPU.Build.0 = Release|Any CPU
		{A475E791-00DB-4281-A5EB-B60DCAD035C0}.Debug|Any CPU.ActiveCfg = Debug|Any CPU
		{A475E791-00DB-4281-A5EB-B60DCAD035C0}.Debug|Any CPU.Build.0 = Debug|Any CPU
		{A475E791-00DB-4281-A5EB-B60DCAD035C0}.Release|Any CPU.ActiveCfg = Release|Any CPU
		{A475E791-00DB-4281-A5EB-B60DCAD035C0}.Release|Any CPU.Build.0 = Release|Any CPU
		{F18F1B92-9CA1-4500-BEF4-4604DD50A3B1}.Debug|Any CPU.ActiveCfg = Debug|Any CPU
		{F18F1B92-9CA1-4500-BEF4-4604DD50A3B1}.Debug|Any CPU.Build.0 = Debug|Any CPU
		{F18F1B92-9CA1-4500-BEF4-4604DD50A3B1}.Release|Any CPU.ActiveCfg = Release|Any CPU
		{F18F1B92-9CA1-4500-BEF4-4604DD50A3B1}.Release|Any CPU.Build.0 = Release|Any CPU
	EndGlobalSection
	GlobalSection(SolutionProperties) = preSolution
		HideSolutionNode = FALSE
	EndGlobalSection
EndGlobal
